
Microsoft Visual Studio Solution File, Format Version 12.00
# Visual Studio Version 17
VisualStudioVersion = 17.7.34031.279
MinimumVisualStudioVersion = 10.0.40219.1
Project("{FAE04EC0-301F-11D3-BF4B-00C04F79EFBC}") = "UDPStepServer", "UDPStepServer\UDPStepServer.csproj", "{7FBC3462-5874-497A-BF5E-1CED40514EC2}"
EndProject
Global
	GlobalSection(SolutionConfigurationPlatforms) = preSolution
		Debug|Any CPU = Debug|Any CPU
		Release|Any CPU = Release|Any CPU
	EndGlobalSection
	GlobalSection(ProjectConfigurationPlatforms) = postSolution
		{7FBC3462-5874-497A-BF5E-1CED40514EC2}.Debug|Any CPU.ActiveCfg = Debug|Any CPU
		{7FBC3462-5874-497A-BF5E-1CED40514EC2}.Debug|Any CPU.Build.0 = Debug|Any CPU
		{7FBC3462-5874-497A-BF5E-1CED40514EC2}.Release|Any CPU.ActiveCfg = Release|Any CPU
		{7FBC3462-5874-497A-BF5E-1CED40514EC2}.Release|Any CPU.Build.0 = Release|Any CPU
	EndGlobalSection
	GlobalSection(SolutionProperties) = preSolution
		HideSolutionNode = FALSE
	EndGlobalSection
	GlobalSection(ExtensibilityGlobals) = postSolution
		SolutionGuid = {6A48441F-548E-4616-94E4-3A2572A1F1CC}
	EndGlobalSection
EndGlobal
